
Microsoft Visual Studio Solution File, Format Version 12.00
# Visual Studio Version 16
VisualStudioVersion = 16.0.30011.22
MinimumVisualStudioVersion = 10.0.40219.1
Project("{FAE04EC0-301F-11D3-BF4B-00C04F79EFBC}") = "AnimalGrooming", "AnimalGrooming\AnimalGrooming.csproj", "{709DFC2D-CB0B-4F9C-A896-0C89280931B6}"
EndProject
Global
	GlobalSection(SolutionConfigurationPlatforms) = preSolution
		Debug|Any CPU = Debug|Any CPU
		Release|Any CPU = Release|Any CPU
	EndGlobalSection
	GlobalSection(ProjectConfigurationPlatforms) = postSolution
		{709DFC2D-CB0B-4F9C-A896-0C89280931B6}.Debug|Any CPU.ActiveCfg = Debug|Any CPU
		{709DFC2D-CB0B-4F9C-A896-0C89280931B6}.Debug|Any CPU.Build.0 = Debug|Any CPU
		{709DFC2D-CB0B-4F9C-A896-0C89280931B6}.Release|Any CPU.ActiveCfg = Release|Any CPU
		{709DFC2D-CB0B-4F9C-A896-0C89280931B6}.Release|Any CPU.Build.0 = Release|Any CPU
	EndGlobalSection
	GlobalSection(SolutionProperties) = preSolution
		HideSolutionNode = FALSE
	EndGlobalSection
	GlobalSection(ExtensibilityGlobals) = postSolution
		SolutionGuid = {8B8BB235-6AB9-4E83-B4D3-C5AEC52EBC88}
	EndGlobalSection
EndGlobal
